
Microsoft Visual Studio Solution File, Format Version 12.00
# Visual Studio Version 17
VisualStudioVersion = 17.14.36603.0 d17.14
MinimumVisualStudioVersion = 10.0.40219.1
Project("{FAE04EC0-301F-11D3-BF4B-00C04F79EFBC}") = "spatc", "spatc\spatc.csproj", "{05CEEF1F-05FB-49D0-8F56-101609C633A1}"
EndProject
Global
	GlobalSection(SolutionConfigurationPlatforms) = preSolution
		Debug|Any CPU = Debug|Any CPU
		Release|Any CPU = Release|Any CPU
	EndGlobalSection
	GlobalSection(ProjectConfigurationPlatforms) = postSolution
		{05CEEF1F-05FB-49D0-8F56-101609C633A1}.Debug|Any CPU.ActiveCfg = Debug|Any CPU
		{05CEEF1F-05FB-49D0-8F56-101609C633A1}.Debug|Any CPU.Build.0 = Debug|Any CPU
		{05CEEF1F-05FB-49D0-8F56-101609C633A1}.Release|Any CPU.ActiveCfg = Release|Any CPU
		{05CEEF1F-05FB-49D0-8F56-101609C633A1}.Release|Any CPU.Build.0 = Release|Any CPU
	EndGlobalSection
	GlobalSection(SolutionProperties) = preSolution
		HideSolutionNode = FALSE
	EndGlobalSection
	GlobalSection(ExtensibilityGlobals) = postSolution
		SolutionGuid = {92F420DA-BF5A-49A4-9FF4-7BAF4413D89F}
	EndGlobalSection
EndGlobal
